
Microsoft Visual Studio Solution File, Format Version 12.00
# Visual Studio Version 17
VisualStudioVersion = 17.2.32602.215
MinimumVisualStudioVersion = 10.0.40219.1
Project("{FAE04EC0-301F-11D3-BF4B-00C04F79EFBC}") = "ProjetoAula03", "ProjetoAula03\ProjetoAula03.csproj", "{A99F7223-3E40-4492-B538-49E2A8AF06C9}"
EndProject
Global
	GlobalSection(SolutionConfigurationPlatforms) = preSolution
		Debug|Any CPU = Debug|Any CPU
		Release|Any CPU = Release|Any CPU
	EndGlobalSection
	GlobalSection(ProjectConfigurationPlatforms) = postSolution
		{A99F7223-3E40-4492-B538-49E2A8AF06C9}.Debug|Any CPU.ActiveCfg = Debug|Any CPU
		{A99F7223-3E40-4492-B538-49E2A8AF06C9}.Debug|Any CPU.Build.0 = Debug|Any CPU
		{A99F7223-3E40-4492-B538-49E2A8AF06C9}.Release|Any CPU.ActiveCfg = Release|Any CPU
		{A99F7223-3E40-4492-B538-49E2A8AF06C9}.Release|Any CPU.Build.0 = Release|Any CPU
	EndGlobalSection
	GlobalSection(SolutionProperties) = preSolution
		HideSolutionNode = FALSE
	EndGlobalSection
	GlobalSection(ExtensibilityGlobals) = postSolution
		SolutionGuid = {79132CC4-74B7-46B2-9F8C-7C5BB48D3351}
	EndGlobalSection
EndGlobal
